// !$*UTF8*$!
{
	archiveVersion = 1;
	classes = {
	};
	objectVersion = 52;
	objects = {

/* Begin PBXBuildFile section */
		C90B509B24E04591002DFA55 /* UserMessageSummary.swift in Sources */ = {isa = PBXBuildFile; fileRef = C90B509A24E04591002DFA55 /* UserMessageSummary.swift */; };
		C90B509D24E054FC002DFA55 /* UserSummary.swift in Sources */ = {isa = PBXBuildFile; fileRef = C90B509C24E054FC002DFA55 /* UserSummary.swift */; };
		C913CA8D24DC275D00A9BFA4 /* SideBarView.swift in Sources */ = {isa = PBXBuildFile; fileRef = C913CA8C24DC275D00A9BFA4 /* SideBarView.swift */; };
		C913CA9724DEEB4800A9BFA4 /* CommentsSummary.swift in Sources */ = {isa = PBXBuildFile; fileRef = C913CA9624DEEB4800A9BFA4 /* CommentsSummary.swift */; };
		C9267AA3251F89A300CCCA4E /* TagSummary.swift in Sources */ = {isa = PBXBuildFile; fileRef = C9267AA2251F89A300CCCA4E /* TagSummary.swift */; };
		C9267AA6251F89EF00CCCA4E /* AppSection.swift in Sources */ = {isa = PBXBuildFile; fileRef = C9267AA5251F89EF00CCCA4E /* AppSection.swift */; };
		C9267AA9251F8A6100CCCA4E /* AccountSection.swift in Sources */ = {isa = PBXBuildFile; fileRef = C9267AA8251F8A6100CCCA4E /* AccountSection.swift */; };
		C9267AAC251F8A6C00CCCA4E /* Trending.swift in Sources */ = {isa = PBXBuildFile; fileRef = C9267AAB251F8A6C00CCCA4E /* Trending.swift */; };
		C9267AAF251F8ABB00CCCA4E /* LoadingSection.swift in Sources */ = {isa = PBXBuildFile; fileRef = C9267AAE251F8ABB00CCCA4E /* LoadingSection.swift */; };
		C9267AB2251F8ACC00CCCA4E /* QuestionsFilter.swift in Sources */ = {isa = PBXBuildFile; fileRef = C9267AB1251F8ACC00CCCA4E /* QuestionsFilter.swift */; };
		C9267AB5251F8B2D00CCCA4E /* AuthenticationAction.swift in Sources */ = {isa = PBXBuildFile; fileRef = C9267AB4251F8B2D00CCCA4E /* AuthenticationAction.swift */; };
		C9402E8924DA28E1002B8804 /* StackConfig.swift in Sources */ = {isa = PBXBuildFile; fileRef = C9402E8824DA28E1002B8804 /* StackConfig.swift */; };
		C946AA8524E0DF6900DF3A13 /* MessageStatus.swift in Sources */ = {isa = PBXBuildFile; fileRef = C946AA8424E0DF6900DF3A13 /* MessageStatus.swift */; };
		C946AA8724E167C600DF3A13 /* AccountSectionView.swift in Sources */ = {isa = PBXBuildFile; fileRef = C946AA8624E167C600DF3A13 /* AccountSectionView.swift */; };
		C946AA8A24E1680400DF3A13 /* TrendingSectionView.swift in Sources */ = {isa = PBXBuildFile; fileRef = C946AA8924E1680400DF3A13 /* TrendingSectionView.swift */; };
		C946AA8C24E1689E00DF3A13 /* TagSectionView.swift in Sources */ = {isa = PBXBuildFile; fileRef = C946AA8B24E1689E00DF3A13 /* TagSectionView.swift */; };
		C946AA9224E169BA00DF3A13 /* InboxMessageRow.swift in Sources */ = {isa = PBXBuildFile; fileRef = C946AA9124E169BA00DF3A13 /* InboxMessageRow.swift */; };
		C946AA9524E16B9B00DF3A13 /* QuestionsSummaryRow.swift in Sources */ = {isa = PBXBuildFile; fileRef = C946AA9424E16B9B00DF3A13 /* QuestionsSummaryRow.swift */; };
		C946AA9A24E16C1800DF3A13 /* CommentRow.swift in Sources */ = {isa = PBXBuildFile; fileRef = C946AA9924E16C1800DF3A13 /* CommentRow.swift */; };
		C946AA9E24E16E4B00DF3A13 /* AnswerRow.swift in Sources */ = {isa = PBXBuildFile; fileRef = C946AA9D24E16E4B00DF3A13 /* AnswerRow.swift */; };
		C946AAA124E1793F00DF3A13 /* String.swift in Sources */ = {isa = PBXBuildFile; fileRef = C946AAA024E1793F00DF3A13 /* String.swift */; };
		C946AAA324E1794B00DF3A13 /* Int.swift in Sources */ = {isa = PBXBuildFile; fileRef = C946AAA224E1794B00DF3A13 /* Int.swift */; };
		C946AAA524E1795000DF3A13 /* Date.swift in Sources */ = {isa = PBXBuildFile; fileRef = C946AAA424E1795000DF3A13 /* Date.swift */; };
		C946AAA724E1795A00DF3A13 /* Publisher.swift in Sources */ = {isa = PBXBuildFile; fileRef = C946AAA624E1795A00DF3A13 /* Publisher.swift */; };
		C946AAA924E1798000DF3A13 /* Optional.swift in Sources */ = {isa = PBXBuildFile; fileRef = C946AAA824E1798000DF3A13 /* Optional.swift */; };
		C946AAAD24E1798D00DF3A13 /* Double.swift in Sources */ = {isa = PBXBuildFile; fileRef = C946AAAC24E1798D00DF3A13 /* Double.swift */; };
		C946AAAF24E179B900DF3A13 /* Color.swift in Sources */ = {isa = PBXBuildFile; fileRef = C946AAAE24E179B900DF3A13 /* Color.swift */; };
		C946AAB124E17A0C00DF3A13 /* Array.swift in Sources */ = {isa = PBXBuildFile; fileRef = C946AAB024E17A0C00DF3A13 /* Array.swift */; };
		C946AAB324E17A3300DF3A13 /* URL.swift in Sources */ = {isa = PBXBuildFile; fileRef = C946AAB224E17A3300DF3A13 /* URL.swift */; };
		C946AAB524E17A5800DF3A13 /* NS.swift in Sources */ = {isa = PBXBuildFile; fileRef = C946AAB424E17A5800DF3A13 /* NS.swift */; };
		C950FC5D2520B23300532432 /* Bundle.swift in Sources */ = {isa = PBXBuildFile; fileRef = C950FC5C2520B23300532432 /* Bundle.swift */; };
		C95942D824CE456A001FA9FA /* AnswersView.swift in Sources */ = {isa = PBXBuildFile; fileRef = C95942D724CE456A001FA9FA /* AnswersView.swift */; };
		C95942E224D1026C001FA9FA /* Webview.swift in Sources */ = {isa = PBXBuildFile; fileRef = C95942E124D1026C001FA9FA /* Webview.swift */; };
		C96EA6BA24ED498E00C64A32 /* StackConfig.plist in Resources */ = {isa = PBXBuildFile; fileRef = C96EA6B924ED498E00C64A32 /* StackConfig.plist */; };
		C9730A15250E4DC4004D95BD /* ProfileView.swift in Sources */ = {isa = PBXBuildFile; fileRef = C9730A14250E4DC4004D95BD /* ProfileView.swift */; };
		C9730A17250E5CA4004D95BD /* InboxView.swift in Sources */ = {isa = PBXBuildFile; fileRef = C9730A16250E5CA4004D95BD /* InboxView.swift */; };
		C9730A19250E6236004D95BD /* TimelineView.swift in Sources */ = {isa = PBXBuildFile; fileRef = C9730A18250E6236004D95BD /* TimelineView.swift */; };
		C9730A1F250ED02F004D95BD /* TimelineSummary.swift in Sources */ = {isa = PBXBuildFile; fileRef = C9730A1E250ED02F004D95BD /* TimelineSummary.swift */; };
		C9730A2325137F7A004D95BD /* ViewManagerProxy.swift in Sources */ = {isa = PBXBuildFile; fileRef = C9730A2225137F7A004D95BD /* ViewManagerProxy.swift */; };
		C97C29A22520B078001AF720 /* StackAPI in Frameworks */ = {isa = PBXBuildFile; productRef = C97C29A12520B078001AF720 /* StackAPI */; };
		C98AFBE924CC65E2005BAD7A /* StackITApp.swift in Sources */ = {isa = PBXBuildFile; fileRef = C98AFBE824CC65E2005BAD7A /* StackITApp.swift */; };
		C98AFBED24CC65E7005BAD7A /* Assets.xcassets in Resources */ = {isa = PBXBuildFile; fileRef = C98AFBEC24CC65E7005BAD7A /* Assets.xcassets */; };
		C98AFBF024CC65E7005BAD7A /* Preview Assets.xcassets in Resources */ = {isa = PBXBuildFile; fileRef = C98AFBEF24CC65E7005BAD7A /* Preview Assets.xcassets */; };
		C98AFC0124CC6610005BAD7A /* QuestionsViewManager.swift in Sources */ = {isa = PBXBuildFile; fileRef = C98AFBFF24CC660F005BAD7A /* QuestionsViewManager.swift */; };
		C98AFC0424CC68BA005BAD7A /* QuestionsSummaryView.swift in Sources */ = {isa = PBXBuildFile; fileRef = C98AFC0324CC68BA005BAD7A /* QuestionsSummaryView.swift */; };
		C9A1DBC124D606FF00464D32 /* AuthenticationManager.swift in Sources */ = {isa = PBXBuildFile; fileRef = C9A1DBC024D606FF00464D32 /* AuthenticationManager.swift */; };
		C9A1DBE124D8B50E00464D32 /* ImageManager.swift in Sources */ = {isa = PBXBuildFile; fileRef = C9A1DBE024D8B50E00464D32 /* ImageManager.swift */; };
		C9A1DBE324D9E5B100464D32 /* QuestionsSummary.swift in Sources */ = {isa = PBXBuildFile; fileRef = C9A1DBE224D9E5B100464D32 /* QuestionsSummary.swift */; };
		C9A1DBE724D9EDFD00464D32 /* AnswersSummary.swift in Sources */ = {isa = PBXBuildFile; fileRef = C9A1DBE624D9EDFD00464D32 /* AnswersSummary.swift */; };
		C9A36B6B2523DEF700C2A31F /* AnswersViewManager.swift in Sources */ = {isa = PBXBuildFile; fileRef = C9A36B6A2523DEF700C2A31F /* AnswersViewManager.swift */; };
		C9A36B702523E7FD00C2A31F /* AccountViewManager.swift in Sources */ = {isa = PBXBuildFile; fileRef = C9A36B6F2523E7FD00C2A31F /* AccountViewManager.swift */; };
		C9A36B7A2524C35B00C2A31F /* CommentsViewManager.swift in Sources */ = {isa = PBXBuildFile; fileRef = C9A36B792524C35B00C2A31F /* CommentsViewManager.swift */; };
		C9A36B7E2525308300C2A31F /* Data.swift in Sources */ = {isa = PBXBuildFile; fileRef = C9A36B7D2525308300C2A31F /* Data.swift */; };
		C9ECA1FA24E2C2E500A07BB9 /* QuestionRow.swift in Sources */ = {isa = PBXBuildFile; fileRef = C9ECA1F924E2C2E500A07BB9 /* QuestionRow.swift */; };
/* End PBXBuildFile section */

/* Begin PBXFileReference section */
		C90B509A24E04591002DFA55 /* UserMessageSummary.swift */ = {isa = PBXFileReference; lastKnownFileType = sourcecode.swift; path = UserMessageSummary.swift; sourceTree = "<group>"; };
		C90B509C24E054FC002DFA55 /* UserSummary.swift */ = {isa = PBXFileReference; lastKnownFileType = sourcecode.swift; path = UserSummary.swift; sourceTree = "<group>"; };
		C913CA8C24DC275D00A9BFA4 /* SideBarView.swift */ = {isa = PBXFileReference; lastKnownFileType = sourcecode.swift; path = SideBarView.swift; sourceTree = "<group>"; };
		C913CA9624DEEB4800A9BFA4 /* CommentsSummary.swift */ = {isa = PBXFileReference; lastKnownFileType = sourcecode.swift; path = CommentsSummary.swift; sourceTree = "<group>"; };
		C9267AA2251F89A300CCCA4E /* TagSummary.swift */ = {isa = PBXFileReference; lastKnownFileType = sourcecode.swift; path = TagSummary.swift; sourceTree = "<group>"; };
		C9267AA5251F89EF00CCCA4E /* AppSection.swift */ = {isa = PBXFileReference; lastKnownFileType = sourcecode.swift; path = AppSection.swift; sourceTree = "<group>"; };
		C9267AA8251F8A6100CCCA4E /* AccountSection.swift */ = {isa = PBXFileReference; lastKnownFileType = sourcecode.swift; path = AccountSection.swift; sourceTree = "<group>"; };
		C9267AAB251F8A6C00CCCA4E /* Trending.swift */ = {isa = PBXFileReference; lastKnownFileType = sourcecode.swift; path = Trending.swift; sourceTree = "<group>"; };
		C9267AAE251F8ABB00CCCA4E /* LoadingSection.swift */ = {isa = PBXFileReference; lastKnownFileType = sourcecode.swift; path = LoadingSection.swift; sourceTree = "<group>"; };
		C9267AB1251F8ACC00CCCA4E /* QuestionsFilter.swift */ = {isa = PBXFileReference; lastKnownFileType = sourcecode.swift; path = QuestionsFilter.swift; sourceTree = "<group>"; };
		C9267AB4251F8B2D00CCCA4E /* AuthenticationAction.swift */ = {isa = PBXFileReference; lastKnownFileType = sourcecode.swift; path = AuthenticationAction.swift; sourceTree = "<group>"; };
		C9402E8824DA28E1002B8804 /* StackConfig.swift */ = {isa = PBXFileReference; lastKnownFileType = sourcecode.swift; path = StackConfig.swift; sourceTree = "<group>"; };
		C946AA8424E0DF6900DF3A13 /* MessageStatus.swift */ = {isa = PBXFileReference; lastKnownFileType = sourcecode.swift; path = MessageStatus.swift; sourceTree = "<group>"; };
		C946AA8624E167C600DF3A13 /* AccountSectionView.swift */ = {isa = PBXFileReference; lastKnownFileType = sourcecode.swift; path = AccountSectionView.swift; sourceTree = "<group>"; };
		C946AA8924E1680400DF3A13 /* TrendingSectionView.swift */ = {isa = PBXFileReference; lastKnownFileType = sourcecode.swift; path = TrendingSectionView.swift; sourceTree = "<group>"; };
		C946AA8B24E1689E00DF3A13 /* TagSectionView.swift */ = {isa = PBXFileReference; lastKnownFileType = sourcecode.swift; path = TagSectionView.swift; sourceTree = "<group>"; };
		C946AA9124E169BA00DF3A13 /* InboxMessageRow.swift */ = {isa = PBXFileReference; lastKnownFileType = sourcecode.swift; path = InboxMessageRow.swift; sourceTree = "<group>"; };
		C946AA9424E16B9B00DF3A13 /* QuestionsSummaryRow.swift */ = {isa = PBXFileReference; lastKnownFileType = sourcecode.swift; path = QuestionsSummaryRow.swift; sourceTree = "<group>"; };
		C946AA9924E16C1800DF3A13 /* CommentRow.swift */ = {isa = PBXFileReference; lastKnownFileType = sourcecode.swift; path = CommentRow.swift; sourceTree = "<group>"; };
		C946AA9D24E16E4B00DF3A13 /* AnswerRow.swift */ = {isa = PBXFileReference; lastKnownFileType = sourcecode.swift; path = AnswerRow.swift; sourceTree = "<group>"; };
		C946AAA024E1793F00DF3A13 /* String.swift */ = {isa = PBXFileReference; lastKnownFileType = sourcecode.swift; path = String.swift; sourceTree = "<group>"; };
		C946AAA224E1794B00DF3A13 /* Int.swift */ = {isa = PBXFileReference; lastKnownFileType = sourcecode.swift; path = Int.swift; sourceTree = "<group>"; };
		C946AAA424E1795000DF3A13 /* Date.swift */ = {isa = PBXFileReference; lastKnownFileType = sourcecode.swift; path = Date.swift; sourceTree = "<group>"; };
		C946AAA624E1795A00DF3A13 /* Publisher.swift */ = {isa = PBXFileReference; lastKnownFileType = sourcecode.swift; path = Publisher.swift; sourceTree = "<group>"; };
		C946AAA824E1798000DF3A13 /* Optional.swift */ = {isa = PBXFileReference; lastKnownFileType = sourcecode.swift; path = Optional.swift; sourceTree = "<group>"; };
		C946AAAC24E1798D00DF3A13 /* Double.swift */ = {isa = PBXFileReference; lastKnownFileType = sourcecode.swift; path = Double.swift; sourceTree = "<group>"; };
		C946AAAE24E179B900DF3A13 /* Color.swift */ = {isa = PBXFileReference; lastKnownFileType = sourcecode.swift; path = Color.swift; sourceTree = "<group>"; };
		C946AAB024E17A0C00DF3A13 /* Array.swift */ = {isa = PBXFileReference; lastKnownFileType = sourcecode.swift; path = Array.swift; sourceTree = "<group>"; };
		C946AAB224E17A3300DF3A13 /* URL.swift */ = {isa = PBXFileReference; lastKnownFileType = sourcecode.swift; path = URL.swift; sourceTree = "<group>"; };
		C946AAB424E17A5800DF3A13 /* NS.swift */ = {isa = PBXFileReference; lastKnownFileType = sourcecode.swift; path = NS.swift; sourceTree = "<group>"; };
		C950FC5C2520B23300532432 /* Bundle.swift */ = {isa = PBXFileReference; lastKnownFileType = sourcecode.swift; path = Bundle.swift; sourceTree = "<group>"; };
		C95942D724CE456A001FA9FA /* AnswersView.swift */ = {isa = PBXFileReference; lastKnownFileType = sourcecode.swift; path = AnswersView.swift; sourceTree = "<group>"; };
		C95942E124D1026C001FA9FA /* Webview.swift */ = {isa = PBXFileReference; lastKnownFileType = sourcecode.swift; path = Webview.swift; sourceTree = "<group>"; };
		C96EA6B924ED498E00C64A32 /* StackConfig.plist */ = {isa = PBXFileReference; fileEncoding = 4; lastKnownFileType = text.plist.xml; path = StackConfig.plist; sourceTree = "<group>"; };
		C9730A14250E4DC4004D95BD /* ProfileView.swift */ = {isa = PBXFileReference; lastKnownFileType = sourcecode.swift; path = ProfileView.swift; sourceTree = "<group>"; };
		C9730A16250E5CA4004D95BD /* InboxView.swift */ = {isa = PBXFileReference; lastKnownFileType = sourcecode.swift; path = InboxView.swift; sourceTree = "<group>"; };
		C9730A18250E6236004D95BD /* TimelineView.swift */ = {isa = PBXFileReference; lastKnownFileType = sourcecode.swift; path = TimelineView.swift; sourceTree = "<group>"; };
		C9730A1E250ED02F004D95BD /* TimelineSummary.swift */ = {isa = PBXFileReference; lastKnownFileType = sourcecode.swift; path = TimelineSummary.swift; sourceTree = "<group>"; };
		C9730A2225137F7A004D95BD /* ViewManagerProxy.swift */ = {isa = PBXFileReference; lastKnownFileType = sourcecode.swift; path = ViewManagerProxy.swift; sourceTree = "<group>"; };
		C98AFBE524CC65E2005BAD7A /* StackIT.app */ = {isa = PBXFileReference; explicitFileType = wrapper.application; includeInIndex = 0; path = StackIT.app; sourceTree = BUILT_PRODUCTS_DIR; };
		C98AFBE824CC65E2005BAD7A /* StackITApp.swift */ = {isa = PBXFileReference; lastKnownFileType = sourcecode.swift; path = StackITApp.swift; sourceTree = "<group>"; };
		C98AFBEC24CC65E7005BAD7A /* Assets.xcassets */ = {isa = PBXFileReference; lastKnownFileType = folder.assetcatalog; path = Assets.xcassets; sourceTree = "<group>"; };
		C98AFBEF24CC65E7005BAD7A /* Preview Assets.xcassets */ = {isa = PBXFileReference; lastKnownFileType = folder.assetcatalog; path = "Preview Assets.xcassets"; sourceTree = "<group>"; };
		C98AFBF124CC65E7005BAD7A /* Info.plist */ = {isa = PBXFileReference; lastKnownFileType = text.plist.xml; path = Info.plist; sourceTree = "<group>"; };
		C98AFBF224CC65E7005BAD7A /* StackIT.entitlements */ = {isa = PBXFileReference; lastKnownFileType = text.plist.entitlements; path = StackIT.entitlements; sourceTree = "<group>"; };
		C98AFBFF24CC660F005BAD7A /* QuestionsViewManager.swift */ = {isa = PBXFileReference; fileEncoding = 4; lastKnownFileType = sourcecode.swift; path = QuestionsViewManager.swift; sourceTree = "<group>"; };
		C98AFC0324CC68BA005BAD7A /* QuestionsSummaryView.swift */ = {isa = PBXFileReference; lastKnownFileType = sourcecode.swift; path = QuestionsSummaryView.swift; sourceTree = "<group>"; };
		C9A1DBC024D606FF00464D32 /* AuthenticationManager.swift */ = {isa = PBXFileReference; lastKnownFileType = sourcecode.swift; path = AuthenticationManager.swift; sourceTree = "<group>"; };
		C9A1DBE024D8B50E00464D32 /* ImageManager.swift */ = {isa = PBXFileReference; lastKnownFileType = sourcecode.swift; path = ImageManager.swift; sourceTree = "<group>"; };
		C9A1DBE224D9E5B100464D32 /* QuestionsSummary.swift */ = {isa = PBXFileReference; lastKnownFileType = sourcecode.swift; path = QuestionsSummary.swift; sourceTree = "<group>"; };
		C9A1DBE624D9EDFD00464D32 /* AnswersSummary.swift */ = {isa = PBXFileReference; lastKnownFileType = sourcecode.swift; path = AnswersSummary.swift; sourceTree = "<group>"; };
		C9A36B6A2523DEF700C2A31F /* AnswersViewManager.swift */ = {isa = PBXFileReference; lastKnownFileType = sourcecode.swift; path = AnswersViewManager.swift; sourceTree = "<group>"; };
		C9A36B6F2523E7FD00C2A31F /* AccountViewManager.swift */ = {isa = PBXFileReference; lastKnownFileType = sourcecode.swift; path = AccountViewManager.swift; sourceTree = "<group>"; };
		C9A36B792524C35B00C2A31F /* CommentsViewManager.swift */ = {isa = PBXFileReference; lastKnownFileType = sourcecode.swift; path = CommentsViewManager.swift; sourceTree = "<group>"; };
		C9A36B7D2525308300C2A31F /* Data.swift */ = {isa = PBXFileReference; lastKnownFileType = sourcecode.swift; path = Data.swift; sourceTree = "<group>"; };
		C9ECA1F924E2C2E500A07BB9 /* QuestionRow.swift */ = {isa = PBXFileReference; lastKnownFileType = sourcecode.swift; path = QuestionRow.swift; sourceTree = "<group>"; };
/* End PBXFileReference section */

/* Begin PBXFrameworksBuildPhase section */
		C98AFBE224CC65E2005BAD7A /* Frameworks */ = {
			isa = PBXFrameworksBuildPhase;
			buildActionMask = 2147483647;
			files = (
				C97C29A22520B078001AF720 /* StackAPI in Frameworks */,
			);
			runOnlyForDeploymentPostprocessing = 0;
		};
/* End PBXFrameworksBuildPhase section */

/* Begin PBXGroup section */
		C9402E8A24DA2A24002B8804 /* UIModels */ = {
			isa = PBXGroup;
			children = (
				C946AA8424E0DF6900DF3A13 /* MessageStatus.swift */,
				C9A1DBE224D9E5B100464D32 /* QuestionsSummary.swift */,
				C9A1DBE624D9EDFD00464D32 /* AnswersSummary.swift */,
				C913CA9624DEEB4800A9BFA4 /* CommentsSummary.swift */,
				C90B509C24E054FC002DFA55 /* UserSummary.swift */,
				C90B509A24E04591002DFA55 /* UserMessageSummary.swift */,
				C9730A1E250ED02F004D95BD /* TimelineSummary.swift */,
				C9267AA2251F89A300CCCA4E /* TagSummary.swift */,
				C9267AAE251F8ABB00CCCA4E /* LoadingSection.swift */,
				C9267AA5251F89EF00CCCA4E /* AppSection.swift */,
				C9267AA8251F8A6100CCCA4E /* AccountSection.swift */,
				C9267AB4251F8B2D00CCCA4E /* AuthenticationAction.swift */,
				C9267AAB251F8A6C00CCCA4E /* Trending.swift */,
				C9267AB1251F8ACC00CCCA4E /* QuestionsFilter.swift */,
			);
			path = UIModels;
			sourceTree = "<group>";
		};
		C946AA8824E167CC00DF3A13 /* SideBarViews */ = {
			isa = PBXGroup;
			children = (
				C913CA8C24DC275D00A9BFA4 /* SideBarView.swift */,
				C9ECA1FD24E568AD00A07BB9 /* SideBarSections */,
			);
			path = SideBarViews;
			sourceTree = "<group>";
		};
		C946AA9024E169AF00DF3A13 /* AccountSectionViews */ = {
			isa = PBXGroup;
			children = (
				C946AA8624E167C600DF3A13 /* AccountSectionView.swift */,
				C946AA9124E169BA00DF3A13 /* InboxMessageRow.swift */,
				C9730A14250E4DC4004D95BD /* ProfileView.swift */,
				C9730A16250E5CA4004D95BD /* InboxView.swift */,
				C9730A18250E6236004D95BD /* TimelineView.swift */,
			);
			path = AccountSectionViews;
			sourceTree = "<group>";
		};
		C946AA9324E16B8700DF3A13 /* QuestionsSummaryViews */ = {
			isa = PBXGroup;
			children = (
				C98AFC0324CC68BA005BAD7A /* QuestionsSummaryView.swift */,
				C946AA9424E16B9B00DF3A13 /* QuestionsSummaryRow.swift */,
			);
			path = QuestionsSummaryViews;
			sourceTree = "<group>";
		};
		C946AA9624E16BFA00DF3A13 /* AnswersViews */ = {
			isa = PBXGroup;
			children = (
				C95942D724CE456A001FA9FA /* AnswersView.swift */,
				C9ECA1F924E2C2E500A07BB9 /* QuestionRow.swift */,
				C946AA9D24E16E4B00DF3A13 /* AnswerRow.swift */,
				C946AA9924E16C1800DF3A13 /* CommentRow.swift */,
			);
			path = AnswersViews;
			sourceTree = "<group>";
		};
		C946AA9F24E1793400DF3A13 /* Extensions */ = {
			isa = PBXGroup;
			children = (
				C946AAA024E1793F00DF3A13 /* String.swift */,
				C946AAA224E1794B00DF3A13 /* Int.swift */,
				C946AAA424E1795000DF3A13 /* Date.swift */,
				C946AAA624E1795A00DF3A13 /* Publisher.swift */,
				C946AAA824E1798000DF3A13 /* Optional.swift */,
				C946AAAE24E179B900DF3A13 /* Color.swift */,
				C946AAAC24E1798D00DF3A13 /* Double.swift */,
				C946AAB024E17A0C00DF3A13 /* Array.swift */,
				C946AAB224E17A3300DF3A13 /* URL.swift */,
				C946AAB424E17A5800DF3A13 /* NS.swift */,
				C950FC5C2520B23300532432 /* Bundle.swift */,
				C9A36B7D2525308300C2A31F /* Data.swift */,
			);
			path = Extensions;
			sourceTree = "<group>";
		};
		C95942DB24CE492E001FA9FA /* Views */ = {
			isa = PBXGroup;
			children = (
				C9402E8A24DA2A24002B8804 /* UIModels */,
				C946AA8824E167CC00DF3A13 /* SideBarViews */,
				C946AA9324E16B8700DF3A13 /* QuestionsSummaryViews */,
				C946AA9624E16BFA00DF3A13 /* AnswersViews */,
				C95942E124D1026C001FA9FA /* Webview.swift */,
			);
			path = Views;
			sourceTree = "<group>";
		};
		C98AFBDC24CC65E2005BAD7A = {
			isa = PBXGroup;
			children = (
				C98AFBE724CC65E2005BAD7A /* StackIT */,
				C98AFBE624CC65E2005BAD7A /* Products */,
			);
			sourceTree = "<group>";
		};
		C98AFBE624CC65E2005BAD7A /* Products */ = {
			isa = PBXGroup;
			children = (
				C98AFBE524CC65E2005BAD7A /* StackIT.app */,
			);
			name = Products;
			sourceTree = "<group>";
		};
		C98AFBE724CC65E2005BAD7A /* StackIT */ = {
			isa = PBXGroup;
			children = (
				C98AFBE824CC65E2005BAD7A /* StackITApp.swift */,
				C946AA9F24E1793400DF3A13 /* Extensions */,
				C9B6026724DA2B920076D83E /* Managers */,
				C95942DB24CE492E001FA9FA /* Views */,
				C98AFBEC24CC65E7005BAD7A /* Assets.xcassets */,
				C98AFBF124CC65E7005BAD7A /* Info.plist */,
				C9402E8824DA28E1002B8804 /* StackConfig.swift */,
				C96EA6B924ED498E00C64A32 /* StackConfig.plist */,
				C98AFBF224CC65E7005BAD7A /* StackIT.entitlements */,
				C98AFBEE24CC65E7005BAD7A /* Preview Content */,
			);
			path = StackIT;
			sourceTree = "<group>";
		};
		C98AFBEE24CC65E7005BAD7A /* Preview Content */ = {
			isa = PBXGroup;
			children = (
				C98AFBEF24CC65E7005BAD7A /* Preview Assets.xcassets */,
			);
			path = "Preview Content";
			sourceTree = "<group>";
		};
		C9B6026724DA2B920076D83E /* Managers */ = {
			isa = PBXGroup;
			children = (
				C98AFBFF24CC660F005BAD7A /* QuestionsViewManager.swift */,
				C9A36B6A2523DEF700C2A31F /* AnswersViewManager.swift */,
				C9A36B6F2523E7FD00C2A31F /* AccountViewManager.swift */,
				C9A36B792524C35B00C2A31F /* CommentsViewManager.swift */,
				C9A1DBE024D8B50E00464D32 /* ImageManager.swift */,
				C9730A2225137F7A004D95BD /* ViewManagerProxy.swift */,
				C9A1DBC024D606FF00464D32 /* AuthenticationManager.swift */,
			);
			path = Managers;
			sourceTree = "<group>";
		};
		C9ECA1FD24E568AD00A07BB9 /* SideBarSections */ = {
			isa = PBXGroup;
			children = (
				C946AA9024E169AF00DF3A13 /* AccountSectionViews */,
				C946AA8924E1680400DF3A13 /* TrendingSectionView.swift */,
				C946AA8B24E1689E00DF3A13 /* TagSectionView.swift */,
			);
			path = SideBarSections;
			sourceTree = "<group>";
		};
/* End PBXGroup section */

/* Begin PBXNativeTarget section */
		C98AFBE424CC65E2005BAD7A /* StackIT */ = {
			isa = PBXNativeTarget;
			buildConfigurationList = C98AFBF524CC65E7005BAD7A /* Build configuration list for PBXNativeTarget "StackIT" */;
			buildPhases = (
				C98AFBE124CC65E2005BAD7A /* Sources */,
				C98AFBE224CC65E2005BAD7A /* Frameworks */,
				C98AFBE324CC65E2005BAD7A /* Resources */,
			);
			buildRules = (
			);
			dependencies = (
			);
			name = StackIT;
			packageProductDependencies = (
				C97C29A12520B078001AF720 /* StackAPI */,
			);
			productName = StackIT;
			productReference = C98AFBE524CC65E2005BAD7A /* StackIT.app */;
			productType = "com.apple.product-type.application";
		};
/* End PBXNativeTarget section */

/* Begin PBXProject section */
		C98AFBDD24CC65E2005BAD7A /* Project object */ = {
			isa = PBXProject;
			attributes = {
				LastSwiftUpdateCheck = 1200;
				LastUpgradeCheck = 1200;
				TargetAttributes = {
					C98AFBE424CC65E2005BAD7A = {
						CreatedOnToolsVersion = 12.0;
					};
				};
			};
			buildConfigurationList = C98AFBE024CC65E2005BAD7A /* Build configuration list for PBXProject "StackIT" */;
			compatibilityVersion = "Xcode 9.3";
			developmentRegion = en;
			hasScannedForEncodings = 0;
			knownRegions = (
				en,
				Base,
			);
			mainGroup = C98AFBDC24CC65E2005BAD7A;
			packageReferences = (
				C97C29A02520B078001AF720 /* XCRemoteSwiftPackageReference "StackAPI" */,
			);
			productRefGroup = C98AFBE624CC65E2005BAD7A /* Products */;
			projectDirPath = "";
			projectRoot = "";
			targets = (
				C98AFBE424CC65E2005BAD7A /* StackIT */,
			);
		};
/* End PBXProject section */

/* Begin PBXResourcesBuildPhase section */
		C98AFBE324CC65E2005BAD7A /* Resources */ = {
			isa = PBXResourcesBuildPhase;
			buildActionMask = 2147483647;
			files = (
				C98AFBF024CC65E7005BAD7A /* Preview Assets.xcassets in Resources */,
				C98AFBED24CC65E7005BAD7A /* Assets.xcassets in Resources */,
				C96EA6BA24ED498E00C64A32 /* StackConfig.plist in Resources */,
			);
			runOnlyForDeploymentPostprocessing = 0;
		};
/* End PBXResourcesBuildPhase section */

/* Begin PBXSourcesBuildPhase section */
		C98AFBE124CC65E2005BAD7A /* Sources */ = {
			isa = PBXSourcesBuildPhase;
			buildActionMask = 2147483647;
			files = (
				C90B509D24E054FC002DFA55 /* UserSummary.swift in Sources */,
				C9267AA6251F89EF00CCCA4E /* AppSection.swift in Sources */,
				C9730A17250E5CA4004D95BD /* InboxView.swift in Sources */,
				C946AA9E24E16E4B00DF3A13 /* AnswerRow.swift in Sources */,
				C946AA8A24E1680400DF3A13 /* TrendingSectionView.swift in Sources */,
				C9A1DBE324D9E5B100464D32 /* QuestionsSummary.swift in Sources */,
				C946AAA724E1795A00DF3A13 /* Publisher.swift in Sources */,
				C946AAB524E17A5800DF3A13 /* NS.swift in Sources */,
				C9A1DBE724D9EDFD00464D32 /* AnswersSummary.swift in Sources */,
				C946AAB324E17A3300DF3A13 /* URL.swift in Sources */,
				C913CA9724DEEB4800A9BFA4 /* CommentsSummary.swift in Sources */,
				C946AA9224E169BA00DF3A13 /* InboxMessageRow.swift in Sources */,
				C913CA8D24DC275D00A9BFA4 /* SideBarView.swift in Sources */,
				C9267AA9251F8A6100CCCA4E /* AccountSection.swift in Sources */,
				C9730A2325137F7A004D95BD /* ViewManagerProxy.swift in Sources */,
				C9267AA3251F89A300CCCA4E /* TagSummary.swift in Sources */,
				C95942E224D1026C001FA9FA /* Webview.swift in Sources */,
				C9ECA1FA24E2C2E500A07BB9 /* QuestionRow.swift in Sources */,
				C9267AAC251F8A6C00CCCA4E /* Trending.swift in Sources */,
				C946AA8724E167C600DF3A13 /* AccountSectionView.swift in Sources */,
				C946AA9524E16B9B00DF3A13 /* QuestionsSummaryRow.swift in Sources */,
				C9267AB2251F8ACC00CCCA4E /* QuestionsFilter.swift in Sources */,
				C946AAAF24E179B900DF3A13 /* Color.swift in Sources */,
				C9267AB5251F8B2D00CCCA4E /* AuthenticationAction.swift in Sources */,
				C98AFC0424CC68BA005BAD7A /* QuestionsSummaryView.swift in Sources */,
				C946AA8C24E1689E00DF3A13 /* TagSectionView.swift in Sources */,
				C946AA9A24E16C1800DF3A13 /* CommentRow.swift in Sources */,
				C946AAB124E17A0C00DF3A13 /* Array.swift in Sources */,
				C98AFBE924CC65E2005BAD7A /* StackITApp.swift in Sources */,
				C946AAA924E1798000DF3A13 /* Optional.swift in Sources */,
				C946AAA124E1793F00DF3A13 /* String.swift in Sources */,
				C9A36B7E2525308300C2A31F /* Data.swift in Sources */,
				C9730A15250E4DC4004D95BD /* ProfileView.swift in Sources */,
				C90B509B24E04591002DFA55 /* UserMessageSummary.swift in Sources */,
				C9A1DBE124D8B50E00464D32 /* ImageManager.swift in Sources */,
				C946AAA324E1794B00DF3A13 /* Int.swift in Sources */,
				C950FC5D2520B23300532432 /* Bundle.swift in Sources */,
				C946AAAD24E1798D00DF3A13 /* Double.swift in Sources */,
				C9730A19250E6236004D95BD /* TimelineView.swift in Sources */,
				C9A36B702523E7FD00C2A31F /* AccountViewManager.swift in Sources */,
				C946AA8524E0DF6900DF3A13 /* MessageStatus.swift in Sources */,
				C95942D824CE456A001FA9FA /* AnswersView.swift in Sources */,
				C9A36B6B2523DEF700C2A31F /* AnswersViewManager.swift in Sources */,
				C9730A1F250ED02F004D95BD /* TimelineSummary.swift in Sources */,
				C946AAA524E1795000DF3A13 /* Date.swift in Sources */,
				C9A36B7A2524C35B00C2A31F /* CommentsViewManager.swift in Sources */,
				C9A1DBC124D606FF00464D32 /* AuthenticationManager.swift in Sources */,
				C9402E8924DA28E1002B8804 /* StackConfig.swift in Sources */,
				C98AFC0124CC6610005BAD7A /* QuestionsViewManager.swift in Sources */,
				C9267AAF251F8ABB00CCCA4E /* LoadingSection.swift in Sources */,
			);
			runOnlyForDeploymentPostprocessing = 0;
		};
/* End PBXSourcesBuildPhase section */

/* Begin XCBuildConfiguration section */
		C98AFBF324CC65E7005BAD7A /* Debug */ = {
			isa = XCBuildConfiguration;
			buildSettings = {
				ALWAYS_SEARCH_USER_PATHS = NO;
				CLANG_ANALYZER_NONNULL = YES;
				CLANG_ANALYZER_NUMBER_OBJECT_CONVERSION = YES_AGGRESSIVE;
				CLANG_CXX_LANGUAGE_STANDARD = "gnu++14";
				CLANG_CXX_LIBRARY = "libc++";
				CLANG_ENABLE_MODULES = YES;
				CLANG_ENABLE_OBJC_ARC = YES;
				CLANG_ENABLE_OBJC_WEAK = YES;
				CLANG_WARN_BLOCK_CAPTURE_AUTORELEASING = YES;
				CLANG_WARN_BOOL_CONVERSION = YES;
				CLANG_WARN_COMMA = YES;
				CLANG_WARN_CONSTANT_CONVERSION = YES;
				CLANG_WARN_DEPRECATED_OBJC_IMPLEMENTATIONS = YES;
				CLANG_WARN_DIRECT_OBJC_ISA_USAGE = YES_ERROR;
				CLANG_WARN_DOCUMENTATION_COMMENTS = YES;
				CLANG_WARN_EMPTY_BODY = YES;
				CLANG_WARN_ENUM_CONVERSION = YES;
				CLANG_WARN_INFINITE_RECURSION = YES;
				CLANG_WARN_INT_CONVERSION = YES;
				CLANG_WARN_NON_LITERAL_NULL_CONVERSION = YES;
				CLANG_WARN_OBJC_IMPLICIT_RETAIN_SELF = YES;
				CLANG_WARN_OBJC_LITERAL_CONVERSION = YES;
				CLANG_WARN_OBJC_ROOT_CLASS = YES_ERROR;
				CLANG_WARN_QUOTED_INCLUDE_IN_FRAMEWORK_HEADER = YES;
				CLANG_WARN_RANGE_LOOP_ANALYSIS = YES;
				CLANG_WARN_STRICT_PROTOTYPES = YES;
				CLANG_WARN_SUSPICIOUS_MOVE = YES;
				CLANG_WARN_UNGUARDED_AVAILABILITY = YES_AGGRESSIVE;
				CLANG_WARN_UNREACHABLE_CODE = YES;
				CLANG_WARN__DUPLICATE_METHOD_MATCH = YES;
				COPY_PHASE_STRIP = NO;
				DEBUG_INFORMATION_FORMAT = dwarf;
				ENABLE_STRICT_OBJC_MSGSEND = YES;
				ENABLE_TESTABILITY = YES;
				GCC_C_LANGUAGE_STANDARD = gnu11;
				GCC_DYNAMIC_NO_PIC = NO;
				GCC_NO_COMMON_BLOCKS = YES;
				GCC_OPTIMIZATION_LEVEL = 0;
				GCC_PREPROCESSOR_DEFINITIONS = (
					"DEBUG=1",
					"$(inherited)",
				);
				GCC_WARN_64_TO_32_BIT_CONVERSION = YES;
				GCC_WARN_ABOUT_RETURN_TYPE = YES_ERROR;
				GCC_WARN_UNDECLARED_SELECTOR = YES;
				GCC_WARN_UNINITIALIZED_AUTOS = YES_AGGRESSIVE;
				GCC_WARN_UNUSED_FUNCTION = YES;
				GCC_WARN_UNUSED_VARIABLE = YES;
				MACOSX_DEPLOYMENT_TARGET = 11.0;
				MTL_ENABLE_DEBUG_INFO = INCLUDE_SOURCE;
				MTL_FAST_MATH = YES;
				ONLY_ACTIVE_ARCH = YES;
				SDKROOT = macosx;
				SWIFT_ACTIVE_COMPILATION_CONDITIONS = DEBUG;
				SWIFT_OPTIMIZATION_LEVEL = "-Onone";
			};
			name = Debug;
		};
		C98AFBF424CC65E7005BAD7A /* Release */ = {
			isa = XCBuildConfiguration;
			buildSettings = {
				ALWAYS_SEARCH_USER_PATHS = NO;
				CLANG_ANALYZER_NONNULL = YES;
				CLANG_ANALYZER_NUMBER_OBJECT_CONVERSION = YES_AGGRESSIVE;
				CLANG_CXX_LANGUAGE_STANDARD = "gnu++14";
				CLANG_CXX_LIBRARY = "libc++";
				CLANG_ENABLE_MODULES = YES;
				CLANG_ENABLE_OBJC_ARC = YES;
				CLANG_ENABLE_OBJC_WEAK = YES;
				CLANG_WARN_BLOCK_CAPTURE_AUTORELEASING = YES;
				CLANG_WARN_BOOL_CONVERSION = YES;
				CLANG_WARN_COMMA = YES;
				CLANG_WARN_CONSTANT_CONVERSION = YES;
				CLANG_WARN_DEPRECATED_OBJC_IMPLEMENTATIONS = YES;
				CLANG_WARN_DIRECT_OBJC_ISA_USAGE = YES_ERROR;
				CLANG_WARN_DOCUMENTATION_COMMENTS = YES;
				CLANG_WARN_EMPTY_BODY = YES;
				CLANG_WARN_ENUM_CONVERSION = YES;
				CLANG_WARN_INFINITE_RECURSION = YES;
				CLANG_WARN_INT_CONVERSION = YES;
				CLANG_WARN_NON_LITERAL_NULL_CONVERSION = YES;
				CLANG_WARN_OBJC_IMPLICIT_RETAIN_SELF = YES;
				CLANG_WARN_OBJC_LITERAL_CONVERSION = YES;
				CLANG_WARN_OBJC_ROOT_CLASS = YES_ERROR;
				CLANG_WARN_QUOTED_INCLUDE_IN_FRAMEWORK_HEADER = YES;
				CLANG_WARN_RANGE_LOOP_ANALYSIS = YES;
				CLANG_WARN_STRICT_PROTOTYPES = YES;
				CLANG_WARN_SUSPICIOUS_MOVE = YES;
				CLANG_WARN_UNGUARDED_AVAILABILITY = YES_AGGRESSIVE;
				CLANG_WARN_UNREACHABLE_CODE = YES;
				CLANG_WARN__DUPLICATE_METHOD_MATCH = YES;
				COPY_PHASE_STRIP = NO;
				DEBUG_INFORMATION_FORMAT = "dwarf-with-dsym";
				ENABLE_NS_ASSERTIONS = NO;
				ENABLE_STRICT_OBJC_MSGSEND = YES;
				GCC_C_LANGUAGE_STANDARD = gnu11;
				GCC_NO_COMMON_BLOCKS = YES;
				GCC_WARN_64_TO_32_BIT_CONVERSION = YES;
				GCC_WARN_ABOUT_RETURN_TYPE = YES_ERROR;
				GCC_WARN_UNDECLARED_SELECTOR = YES;
				GCC_WARN_UNINITIALIZED_AUTOS = YES_AGGRESSIVE;
				GCC_WARN_UNUSED_FUNCTION = YES;
				GCC_WARN_UNUSED_VARIABLE = YES;
				MACOSX_DEPLOYMENT_TARGET = 11.0;
				MTL_ENABLE_DEBUG_INFO = NO;
				MTL_FAST_MATH = YES;
				SDKROOT = macosx;
				SWIFT_COMPILATION_MODE = wholemodule;
				SWIFT_OPTIMIZATION_LEVEL = "-O";
			};
			name = Release;
		};
		C98AFBF624CC65E7005BAD7A /* Debug */ = {
			isa = XCBuildConfiguration;
			buildSettings = {
				ASSETCATALOG_COMPILER_APPICON_NAME = AppIcon;
				ASSETCATALOG_COMPILER_GLOBAL_ACCENT_COLOR_NAME = AccentColor;
				CODE_SIGN_ENTITLEMENTS = StackIT/StackIT.entitlements;
				CODE_SIGN_STYLE = Automatic;
				COMBINE_HIDPI_IMAGES = YES;
				DEVELOPMENT_ASSET_PATHS = "\"StackIT/Preview Content\"";
				DEVELOPMENT_TEAM = 43UT2JSNMP;
				ENABLE_HARDENED_RUNTIME = YES;
				ENABLE_PREVIEWS = YES;
				INFOPLIST_FILE = StackIT/Info.plist;
				LD_RUNPATH_SEARCH_PATHS = (
					"$(inherited)",
					"@executable_path/../Frameworks",
				);
				MACOSX_DEPLOYMENT_TARGET = 11.0;
				PRODUCT_BUNDLE_IDENTIFIER = Croissants.StackIT;
				PRODUCT_NAME = "$(TARGET_NAME)";
				SWIFT_VERSION = 5.0;
			};
			name = Debug;
		};
		C98AFBF724CC65E7005BAD7A /* Release */ = {
			isa = XCBuildConfiguration;
			buildSettings = {
				ASSETCATALOG_COMPILER_APPICON_NAME = AppIcon;
				ASSETCATALOG_COMPILER_GLOBAL_ACCENT_COLOR_NAME = AccentColor;
				CODE_SIGN_ENTITLEMENTS = StackIT/StackIT.entitlements;
				CODE_SIGN_STYLE = Automatic;
				COMBINE_HIDPI_IMAGES = YES;
				DEVELOPMENT_ASSET_PATHS = "\"StackIT/Preview Content\"";
				DEVELOPMENT_TEAM = 43UT2JSNMP;
				ENABLE_HARDENED_RUNTIME = YES;
				ENABLE_PREVIEWS = YES;
				INFOPLIST_FILE = StackIT/Info.plist;
				LD_RUNPATH_SEARCH_PATHS = (
					"$(inherited)",
					"@executable_path/../Frameworks",
				);
				MACOSX_DEPLOYMENT_TARGET = 11.0;
				PRODUCT_BUNDLE_IDENTIFIER = Croissants.StackIT;
				PRODUCT_NAME = "$(TARGET_NAME)";
				SWIFT_VERSION = 5.0;
			};
			name = Release;
		};
/* End XCBuildConfiguration section */

/* Begin XCConfigurationList section */
		C98AFBE024CC65E2005BAD7A /* Build configuration list for PBXProject "StackIT" */ = {
			isa = XCConfigurationList;
			buildConfigurations = (
				C98AFBF324CC65E7005BAD7A /* Debug */,
				C98AFBF424CC65E7005BAD7A /* Release */,
			);
			defaultConfigurationIsVisible = 0;
			defaultConfigurationName = Release;
		};
		C98AFBF524CC65E7005BAD7A /* Build configuration list for PBXNativeTarget "StackIT" */ = {
			isa = XCConfigurationList;
			buildConfigurations = (
				C98AFBF624CC65E7005BAD7A /* Debug */,
				C98AFBF724CC65E7005BAD7A /* Release */,
			);
			defaultConfigurationIsVisible = 0;
			defaultConfigurationName = Release;
		};
/* End XCConfigurationList section */

/* Begin XCRemoteSwiftPackageReference section */
		C97C29A02520B078001AF720 /* XCRemoteSwiftPackageReference "StackAPI" */ = {
			isa = XCRemoteSwiftPackageReference;
			repositoryURL = "https://github.com/jullianm/StackAPI";
			requirement = {
				kind = upToNextMajorVersion;
				minimumVersion = 1.0.5;
			};
		};
/* End XCRemoteSwiftPackageReference section */

/* Begin XCSwiftPackageProductDependency section */
		C97C29A12520B078001AF720 /* StackAPI */ = {
			isa = XCSwiftPackageProductDependency;
			package = C97C29A02520B078001AF720 /* XCRemoteSwiftPackageReference "StackAPI" */;
			productName = StackAPI;
		};
/* End XCSwiftPackageProductDependency section */
	};
	rootObject = C98AFBDD24CC65E2005BAD7A /* Project object */;
}
